{
  "pins" : [
    {
      "identity" : "swesvg",
      "kind" : "remoteSourceControl",
      "location" : "https://github.com/stephaneworkspace/SweSvg.git",
      "state" : {
        "branch" : "main",
        "revision" : "53b6348f50759c98656111e933a2053a35eca00f"
      }
    },
    {
      "identity" : "zip",
      "kind" : "remoteSourceControl",
      "location" : "https://github.com/marmelroy/Zip.git",
      "state" : {
        "branch" : "master",
        "revision" : "67fa55813b9e7b3b9acee9c0ae501def28746d76"
      }
    }
  ],
  "version" : 2
}
