{
  "pins" : [
    {
      "identity" : "swesvg",
      "kind" : "remoteSourceControl",
      "location" : "https://github.com/stephaneworkspace/SweSvg.git",
      "state" : {
        "branch" : "main",
        "revision" : "5e45e2710ea1c1301977635fbea0e457114156c9"
      }
    },
    {
      "identity" : "zip",
      "kind" : "remoteSourceControl",
      "location" : "https://github.com/marmelroy/Zip.git",
      "state" : {
        "branch" : "master",
        "revision" : "67fa55813b9e7b3b9acee9c0ae501def28746d76"
      }
    }
  ],
  "version" : 2
}
