{
  "pins" : [
    {
      "identity" : "svgview",
      "kind" : "remoteSourceControl",
      "location" : "https://github.com/stephaneworkspace/SVGView.git",
      "state" : {
        "branch" : "main",
        "revision" : "bcc3e54051acd94df1c54522815e6688ac9d6966"
      }
    },
    {
      "identity" : "swebressanidev",
      "kind" : "remoteSourceControl",
      "location" : "https://github.com/stephaneworkspace/SweBressaniDev.git",
      "state" : {
        "branch" : "main",
        "revision" : "de4dc99582701025646b65e6e6a8b569f8281aee"
      }
    },
    {
      "identity" : "zip-1",
      "kind" : "remoteSourceControl",
      "location" : "https://github.com/stephaneworkspace/Zip-1",
      "state" : {
        "branch" : "master",
        "revision" : "f34106fbf053319638ea42056eb5d131c6bb2149"
      }
    }
  ],
  "version" : 2
}
